
Microsoft Visual Studio Solution File, Format Version 12.00
# Visual Studio Version 17
VisualStudioVersion = 17.8.34330.188
MinimumVisualStudioVersion = 10.0.40219.1
Project("{9A19103F-16F7-4668-BE54-9A1E7A4F7556}") = "OpenIndustryProject", "OpenIndustryProject.csproj", "{56FAA248-7EF9-4D07-A676-5F37F51353A7}"
EndProject
Project("{2150E333-8FDC-42A3-9474-1A3956D46DE8}") = "Solution Items", "Solution Items", "{D6B709B5-B3DE-4AEA-8E35-767711DCAF16}"
	ProjectSection(SolutionItems) = preProject
		.editorconfig = .editorconfig
	EndProjectSection
EndProject
Global
	GlobalSection(SolutionConfigurationPlatforms) = preSolution
		Debug|Any CPU = Debug|Any CPU
		ExportDebug|Any CPU = ExportDebug|Any CPU
		ExportRelease|Any CPU = ExportRelease|Any CPU
	EndGlobalSection
	GlobalSection(ProjectConfigurationPlatforms) = postSolution
		{56FAA248-7EF9-4D07-A676-5F37F51353A7}.Debug|Any CPU.ActiveCfg = Debug|Any CPU
		{56FAA248-7EF9-4D07-A676-5F37F51353A7}.Debug|Any CPU.Build.0 = Debug|Any CPU
		{56FAA248-7EF9-4D07-A676-5F37F51353A7}.ExportDebug|Any CPU.ActiveCfg = ExportDebug|Any CPU
		{56FAA248-7EF9-4D07-A676-5F37F51353A7}.ExportDebug|Any CPU.Build.0 = ExportDebug|Any CPU
		{56FAA248-7EF9-4D07-A676-5F37F51353A7}.ExportRelease|Any CPU.ActiveCfg = ExportRelease|Any CPU
		{56FAA248-7EF9-4D07-A676-5F37F51353A7}.ExportRelease|Any CPU.Build.0 = ExportRelease|Any CPU
	EndGlobalSection
	GlobalSection(SolutionProperties) = preSolution
		HideSolutionNode = FALSE
	EndGlobalSection
EndGlobal
